// !$*UTF8*$!
{
	archiveVersion = 1;
	classes = {
	};
	objectVersion = 56;
	objects = {

/* Begin PBXBuildFile section */
		8B47CBFB2C59155800C411DF /* AppDelegate.swift in Sources */ = {isa = PBXBuildFile; fileRef = 8B47CBFA2C59155800C411DF /* AppDelegate.swift */; };
		8B47CBFD2C59155800C411DF /* SceneDelegate.swift in Sources */ = {isa = PBXBuildFile; fileRef = 8B47CBFC2C59155800C411DF /* SceneDelegate.swift */; };
		8B47CBFF2C59155800C411DF /* ViewController.swift in Sources */ = {isa = PBXBuildFile; fileRef = 8B47CBFE2C59155800C411DF /* ViewController.swift */; };
		8B47CC042C59155A00C411DF /* Assets.xcassets in Resources */ = {isa = PBXBuildFile; fileRef = 8B47CC032C59155A00C411DF /* Assets.xcassets */; };
		8B47CC072C59155A00C411DF /* Base in Resources */ = {isa = PBXBuildFile; fileRef = 8B47CC062C59155A00C411DF /* Base */; };
		8B47CC152C5915DB00C411DF /* SnapKit in Frameworks */ = {isa = PBXBuildFile; productRef = 8B47CC142C5915DB00C411DF /* SnapKit */; };
		8B47CC182C59167300C411DF /* RxCocoa in Frameworks */ = {isa = PBXBuildFile; productRef = 8B47CC172C59167300C411DF /* RxCocoa */; };
		8B47CC1A2C59167300C411DF /* RxSwift in Frameworks */ = {isa = PBXBuildFile; productRef = 8B47CC192C59167300C411DF /* RxSwift */; };
		8B7AD2C02C6482EA0002F764 /* .gitignore in Resources */ = {isa = PBXBuildFile; fileRef = 8B7AD2BF2C6482EA0002F764 /* .gitignore */; };
		8B7AD2C22C6483350002F764 /* APIKey.swift in Sources */ = {isa = PBXBuildFile; fileRef = 8B7AD2C12C6483350002F764 /* APIKey.swift */; };
		8B7AD2C52C648ACC0002F764 /* NetworkManager.swift in Sources */ = {isa = PBXBuildFile; fileRef = 8B7AD2C42C648ACC0002F764 /* NetworkManager.swift */; };
		8B7AD2C82C649CF10002F764 /* MovieVC.swift in Sources */ = {isa = PBXBuildFile; fileRef = 8B7AD2C72C649CF10002F764 /* MovieVC.swift */; };
		8B7AD2CA2C649D080002F764 /* MovieView.swift in Sources */ = {isa = PBXBuildFile; fileRef = 8B7AD2C92C649D080002F764 /* MovieView.swift */; };
		8B7AD2CC2C649D180002F764 /* MovieViewModel.swift in Sources */ = {isa = PBXBuildFile; fileRef = 8B7AD2CB2C649D180002F764 /* MovieViewModel.swift */; };
		8B7AD2CE2C649EEE0002F764 /* MovietableViewCell.swift in Sources */ = {isa = PBXBuildFile; fileRef = 8B7AD2CD2C649EEE0002F764 /* MovietableViewCell.swift */; };
		8BA78F172C59B10D004C0C72 /* NumbersVC.swift in Sources */ = {isa = PBXBuildFile; fileRef = 8BA78F162C59B10D004C0C72 /* NumbersVC.swift */; };
		8BA78F192C59B98A004C0C72 /* PickerViewVC.swift in Sources */ = {isa = PBXBuildFile; fileRef = 8BA78F182C59B98A004C0C72 /* PickerViewVC.swift */; };
		8BA78F1F2C59FDE3004C0C72 /* tableViewVC.swift in Sources */ = {isa = PBXBuildFile; fileRef = 8BA78F1E2C59FDE3004C0C72 /* tableViewVC.swift */; };
		8BA78F242C5BAA9E004C0C72 /* LoginVC.swift in Sources */ = {isa = PBXBuildFile; fileRef = 8BA78F232C5BAA9E004C0C72 /* LoginVC.swift */; };
		8BA78F262C5BAD80004C0C72 /* SignTextfield.swift in Sources */ = {isa = PBXBuildFile; fileRef = 8BA78F252C5BAD80004C0C72 /* SignTextfield.swift */; };
		8BA78F282C5BB654004C0C72 /* PhoneVC.swift in Sources */ = {isa = PBXBuildFile; fileRef = 8BA78F272C5BB654004C0C72 /* PhoneVC.swift */; };
		8BA78F2E2C5CD33A004C0C72 /* BirthdayVC.swift in Sources */ = {isa = PBXBuildFile; fileRef = 8BA78F2D2C5CD33A004C0C72 /* BirthdayVC.swift */; };
		8BA78F302C5D080D004C0C72 /* ShoppingVC.swift in Sources */ = {isa = PBXBuildFile; fileRef = 8BA78F2F2C5D080D004C0C72 /* ShoppingVC.swift */; };
		8BA78F322C5DAC67004C0C72 /* SearchTableViewCell.swift in Sources */ = {isa = PBXBuildFile; fileRef = 8BA78F312C5DAC67004C0C72 /* SearchTableViewCell.swift */; };
		8BA78F3B2C609A3D004C0C72 /* LoginViewModel.swift in Sources */ = {isa = PBXBuildFile; fileRef = 8BA78F3A2C609A3D004C0C72 /* LoginViewModel.swift */; };
		8BA78F3F2C60A8E9004C0C72 /* PhoneViewModel.swift in Sources */ = {isa = PBXBuildFile; fileRef = 8BA78F3E2C60A8E9004C0C72 /* PhoneViewModel.swift */; };
		8BA78F422C60B4F5004C0C72 /* BirthdayViewModel.swift in Sources */ = {isa = PBXBuildFile; fileRef = 8BA78F412C60B4F5004C0C72 /* BirthdayViewModel.swift */; };
		8BA78F452C60BFF2004C0C72 /* ShoppingViewModel.swift in Sources */ = {isa = PBXBuildFile; fileRef = 8BA78F442C60BFF2004C0C72 /* ShoppingViewModel.swift */; };
		8BA78F552C633AFB004C0C72 /* ShoppingCollectionViewCell.swift in Sources */ = {isa = PBXBuildFile; fileRef = 8BA78F542C633AFB004C0C72 /* ShoppingCollectionViewCell.swift */; };
		8BC986202C69D9C800B69112 /* JokeVC.swift in Sources */ = {isa = PBXBuildFile; fileRef = 8BC9861F2C69D9C800B69112 /* JokeVC.swift */; };
		8BC986222C69D9D700B69112 /* JokeNetwork.swift in Sources */ = {isa = PBXBuildFile; fileRef = 8BC986212C69D9D700B69112 /* JokeNetwork.swift */; };
		8BC986252C69D9EC00B69112 /* Alamofire in Frameworks */ = {isa = PBXBuildFile; productRef = 8BC986242C69D9EC00B69112 /* Alamofire */; };
		8BC986272C69DE9300B69112 /* JokeViewModel.swift in Sources */ = {isa = PBXBuildFile; fileRef = 8BC986262C69DE9300B69112 /* JokeViewModel.swift */; };
/* End PBXBuildFile section */

/* Begin PBXFileReference section */
		8B47CBF72C59155800C411DF /* AboutRxSwift.app */ = {isa = PBXFileReference; explicitFileType = wrapper.application; includeInIndex = 0; path = AboutRxSwift.app; sourceTree = BUILT_PRODUCTS_DIR; };
		8B47CBFA2C59155800C411DF /* AppDelegate.swift */ = {isa = PBXFileReference; lastKnownFileType = sourcecode.swift; path = AppDelegate.swift; sourceTree = "<group>"; };
		8B47CBFC2C59155800C411DF /* SceneDelegate.swift */ = {isa = PBXFileReference; lastKnownFileType = sourcecode.swift; path = SceneDelegate.swift; sourceTree = "<group>"; };
		8B47CBFE2C59155800C411DF /* ViewController.swift */ = {isa = PBXFileReference; lastKnownFileType = sourcecode.swift; path = ViewController.swift; sourceTree = "<group>"; };
		8B47CC032C59155A00C411DF /* Assets.xcassets */ = {isa = PBXFileReference; lastKnownFileType = folder.assetcatalog; path = Assets.xcassets; sourceTree = "<group>"; };
		8B47CC062C59155A00C411DF /* Base */ = {isa = PBXFileReference; lastKnownFileType = file.storyboard; name = Base; path = Base.lproj/LaunchScreen.storyboard; sourceTree = "<group>"; };
		8B47CC082C59155A00C411DF /* Info.plist */ = {isa = PBXFileReference; lastKnownFileType = text.plist.xml; path = Info.plist; sourceTree = "<group>"; };
		8B7AD2BF2C6482EA0002F764 /* .gitignore */ = {isa = PBXFileReference; lastKnownFileType = text; path = .gitignore; sourceTree = "<group>"; };
		8B7AD2C12C6483350002F764 /* APIKey.swift */ = {isa = PBXFileReference; lastKnownFileType = sourcecode.swift; path = APIKey.swift; sourceTree = "<group>"; };
		8B7AD2C42C648ACC0002F764 /* NetworkManager.swift */ = {isa = PBXFileReference; lastKnownFileType = sourcecode.swift; path = NetworkManager.swift; sourceTree = "<group>"; };
		8B7AD2C72C649CF10002F764 /* MovieVC.swift */ = {isa = PBXFileReference; lastKnownFileType = sourcecode.swift; path = MovieVC.swift; sourceTree = "<group>"; };
		8B7AD2C92C649D080002F764 /* MovieView.swift */ = {isa = PBXFileReference; lastKnownFileType = sourcecode.swift; path = MovieView.swift; sourceTree = "<group>"; };
		8B7AD2CB2C649D180002F764 /* MovieViewModel.swift */ = {isa = PBXFileReference; lastKnownFileType = sourcecode.swift; path = MovieViewModel.swift; sourceTree = "<group>"; };
		8B7AD2CD2C649EEE0002F764 /* MovietableViewCell.swift */ = {isa = PBXFileReference; lastKnownFileType = sourcecode.swift; path = MovietableViewCell.swift; sourceTree = "<group>"; };
		8BA78F162C59B10D004C0C72 /* NumbersVC.swift */ = {isa = PBXFileReference; lastKnownFileType = sourcecode.swift; path = NumbersVC.swift; sourceTree = "<group>"; };
		8BA78F182C59B98A004C0C72 /* PickerViewVC.swift */ = {isa = PBXFileReference; lastKnownFileType = sourcecode.swift; path = PickerViewVC.swift; sourceTree = "<group>"; };
		8BA78F1E2C59FDE3004C0C72 /* tableViewVC.swift */ = {isa = PBXFileReference; lastKnownFileType = sourcecode.swift; path = tableViewVC.swift; sourceTree = "<group>"; };
		8BA78F232C5BAA9E004C0C72 /* LoginVC.swift */ = {isa = PBXFileReference; lastKnownFileType = sourcecode.swift; path = LoginVC.swift; sourceTree = "<group>"; };
		8BA78F252C5BAD80004C0C72 /* SignTextfield.swift */ = {isa = PBXFileReference; lastKnownFileType = sourcecode.swift; path = SignTextfield.swift; sourceTree = "<group>"; };
		8BA78F272C5BB654004C0C72 /* PhoneVC.swift */ = {isa = PBXFileReference; lastKnownFileType = sourcecode.swift; path = PhoneVC.swift; sourceTree = "<group>"; };
		8BA78F2D2C5CD33A004C0C72 /* BirthdayVC.swift */ = {isa = PBXFileReference; lastKnownFileType = sourcecode.swift; path = BirthdayVC.swift; sourceTree = "<group>"; };
		8BA78F2F2C5D080D004C0C72 /* ShoppingVC.swift */ = {isa = PBXFileReference; lastKnownFileType = sourcecode.swift; path = ShoppingVC.swift; sourceTree = "<group>"; };
		8BA78F312C5DAC67004C0C72 /* SearchTableViewCell.swift */ = {isa = PBXFileReference; lastKnownFileType = sourcecode.swift; path = SearchTableViewCell.swift; sourceTree = "<group>"; };
		8BA78F3A2C609A3D004C0C72 /* LoginViewModel.swift */ = {isa = PBXFileReference; lastKnownFileType = sourcecode.swift; path = LoginViewModel.swift; sourceTree = "<group>"; };
		8BA78F3E2C60A8E9004C0C72 /* PhoneViewModel.swift */ = {isa = PBXFileReference; lastKnownFileType = sourcecode.swift; path = PhoneViewModel.swift; sourceTree = "<group>"; };
		8BA78F412C60B4F5004C0C72 /* BirthdayViewModel.swift */ = {isa = PBXFileReference; lastKnownFileType = sourcecode.swift; path = BirthdayViewModel.swift; sourceTree = "<group>"; };
		8BA78F442C60BFF2004C0C72 /* ShoppingViewModel.swift */ = {isa = PBXFileReference; lastKnownFileType = sourcecode.swift; path = ShoppingViewModel.swift; sourceTree = "<group>"; };
		8BA78F542C633AFB004C0C72 /* ShoppingCollectionViewCell.swift */ = {isa = PBXFileReference; lastKnownFileType = sourcecode.swift; path = ShoppingCollectionViewCell.swift; sourceTree = "<group>"; };
		8BC9861F2C69D9C800B69112 /* JokeVC.swift */ = {isa = PBXFileReference; lastKnownFileType = sourcecode.swift; path = JokeVC.swift; sourceTree = "<group>"; };
		8BC986212C69D9D700B69112 /* JokeNetwork.swift */ = {isa = PBXFileReference; lastKnownFileType = sourcecode.swift; path = JokeNetwork.swift; sourceTree = "<group>"; };
		8BC986262C69DE9300B69112 /* JokeViewModel.swift */ = {isa = PBXFileReference; lastKnownFileType = sourcecode.swift; path = JokeViewModel.swift; sourceTree = "<group>"; };
/* End PBXFileReference section */

/* Begin PBXFrameworksBuildPhase section */
		8B47CBF42C59155800C411DF /* Frameworks */ = {
			isa = PBXFrameworksBuildPhase;
			buildActionMask = 2147483647;
			files = (
				8B47CC1A2C59167300C411DF /* RxSwift in Frameworks */,
				8BC986252C69D9EC00B69112 /* Alamofire in Frameworks */,
				8B47CC182C59167300C411DF /* RxCocoa in Frameworks */,
				8B47CC152C5915DB00C411DF /* SnapKit in Frameworks */,
			);
			runOnlyForDeploymentPostprocessing = 0;
		};
/* End PBXFrameworksBuildPhase section */

/* Begin PBXGroup section */
		8B47CBEE2C59155800C411DF = {
			isa = PBXGroup;
			children = (
				8B7AD2BF2C6482EA0002F764 /* .gitignore */,
				8B47CBF92C59155800C411DF /* AboutRxSwift */,
				8B47CBF82C59155800C411DF /* Products */,
			);
			sourceTree = "<group>";
		};
		8B47CBF82C59155800C411DF /* Products */ = {
			isa = PBXGroup;
			children = (
				8B47CBF72C59155800C411DF /* AboutRxSwift.app */,
			);
			name = Products;
			sourceTree = "<group>";
		};
		8B47CBF92C59155800C411DF /* AboutRxSwift */ = {
			isa = PBXGroup;
			children = (
				8BC9861E2C69D9AA00B69112 /* Single */,
				8BC9861D2C69D98C00B69112 /* FirstRxSwift */,
				8B7AD2C62C649CC90002F764 /* 0808A */,
				8BA78F222C5BAA7B004C0C72 /* 0801A */,
				8B47CBFA2C59155800C411DF /* AppDelegate.swift */,
				8B47CBFC2C59155800C411DF /* SceneDelegate.swift */,
				8B47CBFE2C59155800C411DF /* ViewController.swift */,
				8B47CC032C59155A00C411DF /* Assets.xcassets */,
				8B47CC052C59155A00C411DF /* LaunchScreen.storyboard */,
				8B47CC082C59155A00C411DF /* Info.plist */,
				8B7AD2C12C6483350002F764 /* APIKey.swift */,
			);
			path = AboutRxSwift;
			sourceTree = "<group>";
		};
		8B7AD2C62C649CC90002F764 /* 0808A */ = {
			isa = PBXGroup;
			children = (
				8B7AD2C92C649D080002F764 /* MovieView.swift */,
				8B7AD2CB2C649D180002F764 /* MovieViewModel.swift */,
				8B7AD2C72C649CF10002F764 /* MovieVC.swift */,
				8B7AD2C42C648ACC0002F764 /* NetworkManager.swift */,
				8B7AD2CD2C649EEE0002F764 /* MovietableViewCell.swift */,
			);
			path = 0808A;
			sourceTree = "<group>";
		};
		8BA78F222C5BAA7B004C0C72 /* 0801A */ = {
			isa = PBXGroup;
			children = (
				8BA78F432C60BFDF004C0C72 /* Shopping */,
				8BA78F402C60B4E1004C0C72 /* Birthday */,
				8BA78F3D2C60A8D5004C0C72 /* Phone */,
				8BA78F392C609A29004C0C72 /* Login */,
				8BA78F252C5BAD80004C0C72 /* SignTextfield.swift */,
			);
			path = 0801A;
			sourceTree = "<group>";
		};
		8BA78F392C609A29004C0C72 /* Login */ = {
			isa = PBXGroup;
			children = (
				8BA78F232C5BAA9E004C0C72 /* LoginVC.swift */,
				8BA78F3A2C609A3D004C0C72 /* LoginViewModel.swift */,
			);
			path = Login;
			sourceTree = "<group>";
		};
		8BA78F3D2C60A8D5004C0C72 /* Phone */ = {
			isa = PBXGroup;
			children = (
				8BA78F272C5BB654004C0C72 /* PhoneVC.swift */,
				8BA78F3E2C60A8E9004C0C72 /* PhoneViewModel.swift */,
			);
			path = Phone;
			sourceTree = "<group>";
		};
		8BA78F402C60B4E1004C0C72 /* Birthday */ = {
			isa = PBXGroup;
			children = (
				8BA78F2D2C5CD33A004C0C72 /* BirthdayVC.swift */,
				8BA78F412C60B4F5004C0C72 /* BirthdayViewModel.swift */,
			);
			path = Birthday;
			sourceTree = "<group>";
		};
		8BA78F432C60BFDF004C0C72 /* Shopping */ = {
			isa = PBXGroup;
			children = (
				8BA78F2F2C5D080D004C0C72 /* ShoppingVC.swift */,
				8BA78F312C5DAC67004C0C72 /* SearchTableViewCell.swift */,
				8BA78F442C60BFF2004C0C72 /* ShoppingViewModel.swift */,
				8BA78F542C633AFB004C0C72 /* ShoppingCollectionViewCell.swift */,
			);
			path = Shopping;
			sourceTree = "<group>";
		};
		8BC9861D2C69D98C00B69112 /* FirstRxSwift */ = {
			isa = PBXGroup;
			children = (
				8BA78F162C59B10D004C0C72 /* NumbersVC.swift */,
				8BA78F182C59B98A004C0C72 /* PickerViewVC.swift */,
				8BA78F1E2C59FDE3004C0C72 /* tableViewVC.swift */,
			);
			path = FirstRxSwift;
			sourceTree = "<group>";
		};
		8BC9861E2C69D9AA00B69112 /* Single */ = {
			isa = PBXGroup;
			children = (
				8BC9861F2C69D9C800B69112 /* JokeVC.swift */,
				8BC986212C69D9D700B69112 /* JokeNetwork.swift */,
				8BC986262C69DE9300B69112 /* JokeViewModel.swift */,
			);
			path = Single;
			sourceTree = "<group>";
		};
/* End PBXGroup section */

/* Begin PBXNativeTarget section */
		8B47CBF62C59155800C411DF /* AboutRxSwift */ = {
			isa = PBXNativeTarget;
			buildConfigurationList = 8B47CC0B2C59155A00C411DF /* Build configuration list for PBXNativeTarget "AboutRxSwift" */;
			buildPhases = (
				8B47CBF32C59155800C411DF /* Sources */,
				8B47CBF42C59155800C411DF /* Frameworks */,
				8B47CBF52C59155800C411DF /* Resources */,
			);
			buildRules = (
			);
			dependencies = (
			);
			name = AboutRxSwift;
			packageProductDependencies = (
				8B47CC142C5915DB00C411DF /* SnapKit */,
				8B47CC172C59167300C411DF /* RxCocoa */,
				8B47CC192C59167300C411DF /* RxSwift */,
				8BC986242C69D9EC00B69112 /* Alamofire */,
			);
			productName = AboutRxSwift;
			productReference = 8B47CBF72C59155800C411DF /* AboutRxSwift.app */;
			productType = "com.apple.product-type.application";
		};
/* End PBXNativeTarget section */

/* Begin PBXProject section */
		8B47CBEF2C59155800C411DF /* Project object */ = {
			isa = PBXProject;
			attributes = {
				BuildIndependentTargetsInParallel = 1;
				LastSwiftUpdateCheck = 1530;
				LastUpgradeCheck = 1530;
				TargetAttributes = {
					8B47CBF62C59155800C411DF = {
						CreatedOnToolsVersion = 15.3;
					};
				};
			};
			buildConfigurationList = 8B47CBF22C59155800C411DF /* Build configuration list for PBXProject "AboutRxSwift" */;
			compatibilityVersion = "Xcode 14.0";
			developmentRegion = en;
			hasScannedForEncodings = 0;
			knownRegions = (
				en,
				Base,
			);
			mainGroup = 8B47CBEE2C59155800C411DF;
			packageReferences = (
				8B47CC132C5915DB00C411DF /* XCRemoteSwiftPackageReference "SnapKit" */,
				8B47CC162C59167300C411DF /* XCRemoteSwiftPackageReference "RxSwift" */,
				8BC986232C69D9EC00B69112 /* XCRemoteSwiftPackageReference "Alamofire" */,
			);
			productRefGroup = 8B47CBF82C59155800C411DF /* Products */;
			projectDirPath = "";
			projectRoot = "";
			targets = (
				8B47CBF62C59155800C411DF /* AboutRxSwift */,
			);
		};
/* End PBXProject section */

/* Begin PBXResourcesBuildPhase section */
		8B47CBF52C59155800C411DF /* Resources */ = {
			isa = PBXResourcesBuildPhase;
			buildActionMask = 2147483647;
			files = (
				8B47CC042C59155A00C411DF /* Assets.xcassets in Resources */,
				8B7AD2C02C6482EA0002F764 /* .gitignore in Resources */,
				8B47CC072C59155A00C411DF /* Base in Resources */,
			);
			runOnlyForDeploymentPostprocessing = 0;
		};
/* End PBXResourcesBuildPhase section */

/* Begin PBXSourcesBuildPhase section */
		8B47CBF32C59155800C411DF /* Sources */ = {
			isa = PBXSourcesBuildPhase;
			buildActionMask = 2147483647;
			files = (
				8B7AD2C52C648ACC0002F764 /* NetworkManager.swift in Sources */,
				8BA78F552C633AFB004C0C72 /* ShoppingCollectionViewCell.swift in Sources */,
				8BA78F262C5BAD80004C0C72 /* SignTextfield.swift in Sources */,
				8BC986272C69DE9300B69112 /* JokeViewModel.swift in Sources */,
				8B47CBFF2C59155800C411DF /* ViewController.swift in Sources */,
				8B47CBFB2C59155800C411DF /* AppDelegate.swift in Sources */,
				8B47CBFD2C59155800C411DF /* SceneDelegate.swift in Sources */,
				8BA78F172C59B10D004C0C72 /* NumbersVC.swift in Sources */,
				8BA78F302C5D080D004C0C72 /* ShoppingVC.swift in Sources */,
				8B7AD2CE2C649EEE0002F764 /* MovietableViewCell.swift in Sources */,
				8BA78F452C60BFF2004C0C72 /* ShoppingViewModel.swift in Sources */,
				8B7AD2C82C649CF10002F764 /* MovieVC.swift in Sources */,
				8BC986202C69D9C800B69112 /* JokeVC.swift in Sources */,
				8BA78F242C5BAA9E004C0C72 /* LoginVC.swift in Sources */,
				8BA78F282C5BB654004C0C72 /* PhoneVC.swift in Sources */,
				8BA78F3B2C609A3D004C0C72 /* LoginViewModel.swift in Sources */,
				8BA78F422C60B4F5004C0C72 /* BirthdayViewModel.swift in Sources */,
				8BA78F3F2C60A8E9004C0C72 /* PhoneViewModel.swift in Sources */,
				8BA78F1F2C59FDE3004C0C72 /* tableViewVC.swift in Sources */,
				8BC986222C69D9D700B69112 /* JokeNetwork.swift in Sources */,
				8B7AD2CA2C649D080002F764 /* MovieView.swift in Sources */,
				8BA78F322C5DAC67004C0C72 /* SearchTableViewCell.swift in Sources */,
				8BA78F192C59B98A004C0C72 /* PickerViewVC.swift in Sources */,
				8B7AD2CC2C649D180002F764 /* MovieViewModel.swift in Sources */,
				8B7AD2C22C6483350002F764 /* APIKey.swift in Sources */,
				8BA78F2E2C5CD33A004C0C72 /* BirthdayVC.swift in Sources */,
			);
			runOnlyForDeploymentPostprocessing = 0;
		};
/* End PBXSourcesBuildPhase section */

/* Begin PBXVariantGroup section */
		8B47CC052C59155A00C411DF /* LaunchScreen.storyboard */ = {
			isa = PBXVariantGroup;
			children = (
				8B47CC062C59155A00C411DF /* Base */,
			);
			name = LaunchScreen.storyboard;
			sourceTree = "<group>";
		};
/* End PBXVariantGroup section */

/* Begin XCBuildConfiguration section */
		8B47CC092C59155A00C411DF /* Debug */ = {
			isa = XCBuildConfiguration;
			buildSettings = {
				ALWAYS_SEARCH_USER_PATHS = NO;
				ASSETCATALOG_COMPILER_GENERATE_SWIFT_ASSET_SYMBOL_EXTENSIONS = YES;
				CLANG_ANALYZER_NONNULL = YES;
				CLANG_ANALYZER_NUMBER_OBJECT_CONVERSION = YES_AGGRESSIVE;
				CLANG_CXX_LANGUAGE_STANDARD = "gnu++20";
				CLANG_ENABLE_MODULES = YES;
				CLANG_ENABLE_OBJC_ARC = YES;
				CLANG_ENABLE_OBJC_WEAK = YES;
				CLANG_WARN_BLOCK_CAPTURE_AUTORELEASING = YES;
				CLANG_WARN_BOOL_CONVERSION = YES;
				CLANG_WARN_COMMA = YES;
				CLANG_WARN_CONSTANT_CONVERSION = YES;
				CLANG_WARN_DEPRECATED_OBJC_IMPLEMENTATIONS = YES;
				CLANG_WARN_DIRECT_OBJC_ISA_USAGE = YES_ERROR;
				CLANG_WARN_DOCUMENTATION_COMMENTS = YES;
				CLANG_WARN_EMPTY_BODY = YES;
				CLANG_WARN_ENUM_CONVERSION = YES;
				CLANG_WARN_INFINITE_RECURSION = YES;
				CLANG_WARN_INT_CONVERSION = YES;
				CLANG_WARN_NON_LITERAL_NULL_CONVERSION = YES;
				CLANG_WARN_OBJC_IMPLICIT_RETAIN_SELF = YES;
				CLANG_WARN_OBJC_LITERAL_CONVERSION = YES;
				CLANG_WARN_OBJC_ROOT_CLASS = YES_ERROR;
				CLANG_WARN_QUOTED_INCLUDE_IN_FRAMEWORK_HEADER = YES;
				CLANG_WARN_RANGE_LOOP_ANALYSIS = YES;
				CLANG_WARN_STRICT_PROTOTYPES = YES;
				CLANG_WARN_SUSPICIOUS_MOVE = YES;
				CLANG_WARN_UNGUARDED_AVAILABILITY = YES_AGGRESSIVE;
				CLANG_WARN_UNREACHABLE_CODE = YES;
				CLANG_WARN__DUPLICATE_METHOD_MATCH = YES;
				COPY_PHASE_STRIP = NO;
				DEBUG_INFORMATION_FORMAT = dwarf;
				ENABLE_STRICT_OBJC_MSGSEND = YES;
				ENABLE_TESTABILITY = YES;
				ENABLE_USER_SCRIPT_SANDBOXING = YES;
				GCC_C_LANGUAGE_STANDARD = gnu17;
				GCC_DYNAMIC_NO_PIC = NO;
				GCC_NO_COMMON_BLOCKS = YES;
				GCC_OPTIMIZATION_LEVEL = 0;
				GCC_PREPROCESSOR_DEFINITIONS = (
					"DEBUG=1",
					"$(inherited)",
				);
				GCC_WARN_64_TO_32_BIT_CONVERSION = YES;
				GCC_WARN_ABOUT_RETURN_TYPE = YES_ERROR;
				GCC_WARN_UNDECLARED_SELECTOR = YES;
				GCC_WARN_UNINITIALIZED_AUTOS = YES_AGGRESSIVE;
				GCC_WARN_UNUSED_FUNCTION = YES;
				GCC_WARN_UNUSED_VARIABLE = YES;
				IPHONEOS_DEPLOYMENT_TARGET = 17.4;
				LOCALIZATION_PREFERS_STRING_CATALOGS = YES;
				MTL_ENABLE_DEBUG_INFO = INCLUDE_SOURCE;
				MTL_FAST_MATH = YES;
				ONLY_ACTIVE_ARCH = YES;
				SDKROOT = iphoneos;
				SWIFT_ACTIVE_COMPILATION_CONDITIONS = "DEBUG $(inherited)";
				SWIFT_OPTIMIZATION_LEVEL = "-Onone";
			};
			name = Debug;
		};
		8B47CC0A2C59155A00C411DF /* Release */ = {
			isa = XCBuildConfiguration;
			buildSettings = {
				ALWAYS_SEARCH_USER_PATHS = NO;
				ASSETCATALOG_COMPILER_GENERATE_SWIFT_ASSET_SYMBOL_EXTENSIONS = YES;
				CLANG_ANALYZER_NONNULL = YES;
				CLANG_ANALYZER_NUMBER_OBJECT_CONVERSION = YES_AGGRESSIVE;
				CLANG_CXX_LANGUAGE_STANDARD = "gnu++20";
				CLANG_ENABLE_MODULES = YES;
				CLANG_ENABLE_OBJC_ARC = YES;
				CLANG_ENABLE_OBJC_WEAK = YES;
				CLANG_WARN_BLOCK_CAPTURE_AUTORELEASING = YES;
				CLANG_WARN_BOOL_CONVERSION = YES;
				CLANG_WARN_COMMA = YES;
				CLANG_WARN_CONSTANT_CONVERSION = YES;
				CLANG_WARN_DEPRECATED_OBJC_IMPLEMENTATIONS = YES;
				CLANG_WARN_DIRECT_OBJC_ISA_USAGE = YES_ERROR;
				CLANG_WARN_DOCUMENTATION_COMMENTS = YES;
				CLANG_WARN_EMPTY_BODY = YES;
				CLANG_WARN_ENUM_CONVERSION = YES;
				CLANG_WARN_INFINITE_RECURSION = YES;
				CLANG_WARN_INT_CONVERSION = YES;
				CLANG_WARN_NON_LITERAL_NULL_CONVERSION = YES;
				CLANG_WARN_OBJC_IMPLICIT_RETAIN_SELF = YES;
				CLANG_WARN_OBJC_LITERAL_CONVERSION = YES;
				CLANG_WARN_OBJC_ROOT_CLASS = YES_ERROR;
				CLANG_WARN_QUOTED_INCLUDE_IN_FRAMEWORK_HEADER = YES;
				CLANG_WARN_RANGE_LOOP_ANALYSIS = YES;
				CLANG_WARN_STRICT_PROTOTYPES = YES;
				CLANG_WARN_SUSPICIOUS_MOVE = YES;
				CLANG_WARN_UNGUARDED_AVAILABILITY = YES_AGGRESSIVE;
				CLANG_WARN_UNREACHABLE_CODE = YES;
				CLANG_WARN__DUPLICATE_METHOD_MATCH = YES;
				COPY_PHASE_STRIP = NO;
				DEBUG_INFORMATION_FORMAT = "dwarf-with-dsym";
				ENABLE_NS_ASSERTIONS = NO;
				ENABLE_STRICT_OBJC_MSGSEND = YES;
				ENABLE_USER_SCRIPT_SANDBOXING = YES;
				GCC_C_LANGUAGE_STANDARD = gnu17;
				GCC_NO_COMMON_BLOCKS = YES;
				GCC_WARN_64_TO_32_BIT_CONVERSION = YES;
				GCC_WARN_ABOUT_RETURN_TYPE = YES_ERROR;
				GCC_WARN_UNDECLARED_SELECTOR = YES;
				GCC_WARN_UNINITIALIZED_AUTOS = YES_AGGRESSIVE;
				GCC_WARN_UNUSED_FUNCTION = YES;
				GCC_WARN_UNUSED_VARIABLE = YES;
				IPHONEOS_DEPLOYMENT_TARGET = 17.4;
				LOCALIZATION_PREFERS_STRING_CATALOGS = YES;
				MTL_ENABLE_DEBUG_INFO = NO;
				MTL_FAST_MATH = YES;
				SDKROOT = iphoneos;
				SWIFT_COMPILATION_MODE = wholemodule;
				VALIDATE_PRODUCT = YES;
			};
			name = Release;
		};
		8B47CC0C2C59155A00C411DF /* Debug */ = {
			isa = XCBuildConfiguration;
			buildSettings = {
				ASSETCATALOG_COMPILER_APPICON_NAME = AppIcon;
				ASSETCATALOG_COMPILER_GLOBAL_ACCENT_COLOR_NAME = AccentColor;
				CODE_SIGN_STYLE = Automatic;
				CURRENT_PROJECT_VERSION = 1;
				GENERATE_INFOPLIST_FILE = YES;
				INFOPLIST_FILE = AboutRxSwift/Info.plist;
				INFOPLIST_KEY_UIApplicationSupportsIndirectInputEvents = YES;
				INFOPLIST_KEY_UILaunchStoryboardName = LaunchScreen;
				INFOPLIST_KEY_UISupportedInterfaceOrientations_iPad = "UIInterfaceOrientationPortrait UIInterfaceOrientationPortraitUpsideDown UIInterfaceOrientationLandscapeLeft UIInterfaceOrientationLandscapeRight";
				INFOPLIST_KEY_UISupportedInterfaceOrientations_iPhone = "UIInterfaceOrientationPortrait UIInterfaceOrientationLandscapeLeft UIInterfaceOrientationLandscapeRight";
				LD_RUNPATH_SEARCH_PATHS = (
					"$(inherited)",
					"@executable_path/Frameworks",
				);
				MARKETING_VERSION = 1.0;
				PRODUCT_BUNDLE_IDENTIFIER = com.Swift.AboutRxSwift;
				PRODUCT_NAME = "$(TARGET_NAME)";
				SWIFT_EMIT_LOC_STRINGS = YES;
				SWIFT_VERSION = 5.0;
				TARGETED_DEVICE_FAMILY = "1,2";
			};
			name = Debug;
		};
		8B47CC0D2C59155A00C411DF /* Release */ = {
			isa = XCBuildConfiguration;
			buildSettings = {
				ASSETCATALOG_COMPILER_APPICON_NAME = AppIcon;
				ASSETCATALOG_COMPILER_GLOBAL_ACCENT_COLOR_NAME = AccentColor;
				CODE_SIGN_STYLE = Automatic;
				CURRENT_PROJECT_VERSION = 1;
				GENERATE_INFOPLIST_FILE = YES;
				INFOPLIST_FILE = AboutRxSwift/Info.plist;
				INFOPLIST_KEY_UIApplicationSupportsIndirectInputEvents = YES;
				INFOPLIST_KEY_UILaunchStoryboardName = LaunchScreen;
				INFOPLIST_KEY_UISupportedInterfaceOrientations_iPad = "UIInterfaceOrientationPortrait UIInterfaceOrientationPortraitUpsideDown UIInterfaceOrientationLandscapeLeft UIInterfaceOrientationLandscapeRight";
				INFOPLIST_KEY_UISupportedInterfaceOrientations_iPhone = "UIInterfaceOrientationPortrait UIInterfaceOrientationLandscapeLeft UIInterfaceOrientationLandscapeRight";
				LD_RUNPATH_SEARCH_PATHS = (
					"$(inherited)",
					"@executable_path/Frameworks",
				);
				MARKETING_VERSION = 1.0;
				PRODUCT_BUNDLE_IDENTIFIER = com.Swift.AboutRxSwift;
				PRODUCT_NAME = "$(TARGET_NAME)";
				SWIFT_EMIT_LOC_STRINGS = YES;
				SWIFT_VERSION = 5.0;
				TARGETED_DEVICE_FAMILY = "1,2";
			};
			name = Release;
		};
/* End XCBuildConfiguration section */

/* Begin XCConfigurationList section */
		8B47CBF22C59155800C411DF /* Build configuration list for PBXProject "AboutRxSwift" */ = {
			isa = XCConfigurationList;
			buildConfigurations = (
				8B47CC092C59155A00C411DF /* Debug */,
				8B47CC0A2C59155A00C411DF /* Release */,
			);
			defaultConfigurationIsVisible = 0;
			defaultConfigurationName = Release;
		};
		8B47CC0B2C59155A00C411DF /* Build configuration list for PBXNativeTarget "AboutRxSwift" */ = {
			isa = XCConfigurationList;
			buildConfigurations = (
				8B47CC0C2C59155A00C411DF /* Debug */,
				8B47CC0D2C59155A00C411DF /* Release */,
			);
			defaultConfigurationIsVisible = 0;
			defaultConfigurationName = Release;
		};
/* End XCConfigurationList section */

/* Begin XCRemoteSwiftPackageReference section */
		8B47CC132C5915DB00C411DF /* XCRemoteSwiftPackageReference "SnapKit" */ = {
			isa = XCRemoteSwiftPackageReference;
			repositoryURL = "https://github.com/SnapKit/SnapKit.git";
			requirement = {
				kind = upToNextMajorVersion;
				minimumVersion = 5.7.1;
			};
		};
		8B47CC162C59167300C411DF /* XCRemoteSwiftPackageReference "RxSwift" */ = {
			isa = XCRemoteSwiftPackageReference;
			repositoryURL = "https://github.com/ReactiveX/RxSwift.git";
			requirement = {
				kind = upToNextMinorVersion;
				minimumVersion = 6.7.1;
			};
		};
		8BC986232C69D9EC00B69112 /* XCRemoteSwiftPackageReference "Alamofire" */ = {
			isa = XCRemoteSwiftPackageReference;
			repositoryURL = "https://github.com/Alamofire/Alamofire.git";
			requirement = {
				kind = upToNextMajorVersion;
				minimumVersion = 5.9.1;
			};
		};
/* End XCRemoteSwiftPackageReference section */

/* Begin XCSwiftPackageProductDependency section */
		8B47CC142C5915DB00C411DF /* SnapKit */ = {
			isa = XCSwiftPackageProductDependency;
			package = 8B47CC132C5915DB00C411DF /* XCRemoteSwiftPackageReference "SnapKit" */;
			productName = SnapKit;
		};
		8B47CC172C59167300C411DF /* RxCocoa */ = {
			isa = XCSwiftPackageProductDependency;
			package = 8B47CC162C59167300C411DF /* XCRemoteSwiftPackageReference "RxSwift" */;
			productName = RxCocoa;
		};
		8B47CC192C59167300C411DF /* RxSwift */ = {
			isa = XCSwiftPackageProductDependency;
			package = 8B47CC162C59167300C411DF /* XCRemoteSwiftPackageReference "RxSwift" */;
			productName = RxSwift;
		};
		8BC986242C69D9EC00B69112 /* Alamofire */ = {
			isa = XCSwiftPackageProductDependency;
			package = 8BC986232C69D9EC00B69112 /* XCRemoteSwiftPackageReference "Alamofire" */;
			productName = Alamofire;
		};
/* End XCSwiftPackageProductDependency section */
	};
	rootObject = 8B47CBEF2C59155800C411DF /* Project object */;
}
